Microsoft Visual Studio Solution File, Format Version 12.00
# Visual Studio Version 17
VisualStudioVersion = 17.0.31903.59
MinimumVisualStudioVersion = 10.0.40219.1
Project("{FAE04EC0-301F-11D3-BF4B-00C04F79EFBC}") = "SteerCast.Core", "src\SteerCast.Core\SteerCast.Core.csproj", "{523761B5-969D-48B4-9009-EF46DDF82430}"
EndProject
Project("{FAE04EC0-301F-11D3-BF4B-00C04F79EFBC}") = "SteerCast.App", "src\SteerCast.App\SteerCast.App.csproj", "{337F4E30-C6CC-4C52-B1A9-87FE2146454A}"
EndProject
Project("{FAE04EC0-301F-11D3-BF4B-00C04F79EFBC}") = "SteerCast.Tests", "tests\SteerCast.Tests\SteerCast.Tests.csproj", "{9F0299FE-311B-490F-BCDF-F3AA007FC866}"
EndProject
Global
	GlobalSection(SolutionConfigurationPlatforms) = preSolution
		Debug|Any CPU = Debug|Any CPU
		Release|Any CPU = Release|Any CPU
	EndGlobalSection
	GlobalSection(ProjectConfigurationPlatforms) = postSolution
		{523761B5-969D-48B4-9009-EF46DDF82430}.Debug|Any CPU.ActiveCfg = Debug|Any CPU
		{523761B5-969D-48B4-9009-EF46DDF82430}.Debug|Any CPU.Build.0 = Debug|Any CPU
		{523761B5-969D-48B4-9009-EF46DDF82430}.Release|Any CPU.ActiveCfg = Release|Any CPU
		{523761B5-969D-48B4-9009-EF46DDF82430}.Release|Any CPU.Build.0 = Release|Any CPU
		{337F4E30-C6CC-4C52-B1A9-87FE2146454A}.Debug|Any CPU.ActiveCfg = Debug|Any CPU
		{337F4E30-C6CC-4C52-B1A9-87FE2146454A}.Debug|Any CPU.Build.0 = Debug|Any CPU
		{337F4E30-C6CC-4C52-B1A9-87FE2146454A}.Release|Any CPU.ActiveCfg = Release|Any CPU
		{337F4E30-C6CC-4C52-B1A9-87FE2146454A}.Release|Any CPU.Build.0 = Release|Any CPU
		{9F0299FE-311B-490F-BCDF-F3AA007FC866}.Debug|Any CPU.ActiveCfg = Debug|Any CPU
		{9F0299FE-311B-490F-BCDF-F3AA007FC866}.Debug|Any CPU.Build.0 = Debug|Any CPU
		{9F0299FE-311B-490F-BCDF-F3AA007FC866}.Release|Any CPU.ActiveCfg = Release|Any CPU
		{9F0299FE-311B-490F-BCDF-F3AA007FC866}.Release|Any CPU.Build.0 = Release|Any CPU
	EndGlobalSection
EndGlobal

